
Microsoft Visual Studio Solution File, Format Version 12.00
# Visual Studio Version 17
VisualStudioVersion = 17.8.34330.188
MinimumVisualStudioVersion = 10.0.40219.1
Project("{FAE04EC0-301F-11D3-BF4B-00C04F79EFBC}") = "Poker Chips Redistribution", "Poker Chips Redistribution.csproj", "{49BBA690-CB11-4D34-A8BC-9BE6B2A65FAE}"
EndProject
Global
	GlobalSection(SolutionConfigurationPlatforms) = preSolution
		Debug|Any CPU = Debug|Any CPU
		Release|Any CPU = Release|Any CPU
	EndGlobalSection
	GlobalSection(ProjectConfigurationPlatforms) = postSolution
		{49BBA690-CB11-4D34-A8BC-9BE6B2A65FAE}.Debug|Any CPU.ActiveCfg = Debug|Any CPU
		{49BBA690-CB11-4D34-A8BC-9BE6B2A65FAE}.Debug|Any CPU.Build.0 = Debug|Any CPU
		{49BBA690-CB11-4D34-A8BC-9BE6B2A65FAE}.Release|Any CPU.ActiveCfg = Release|Any CPU
		{49BBA690-CB11-4D34-A8BC-9BE6B2A65FAE}.Release|Any CPU.Build.0 = Release|Any CPU
	EndGlobalSection
	GlobalSection(SolutionProperties) = preSolution
		HideSolutionNode = FALSE
	EndGlobalSection
	GlobalSection(ExtensibilityGlobals) = postSolution
		SolutionGuid = {DFF315FD-2957-44C4-ADD0-7B0E42727E6B}
	EndGlobalSection
EndGlobal
